
Microsoft Visual Studio Solution File, Format Version 12.00
# Visual Studio Version 17
VisualStudioVersion = 17.9.34616.47
MinimumVisualStudioVersion = 10.0.40219.1
Project("{8BC9CEB8-8B4A-11D0-8D11-00A0C91BC942}") = "memberintlist", "memberintlist.vcxproj", "{1A92E5B9-2C9B-4BB9-9094-4ADC571CB258}"
EndProject
Project("{8BC9CEB8-8B4A-11D0-8D11-00A0C91BC942}") = "mainIM", "..\mainIM\mainIM.vcxproj", "{0D0C8348-82D3-4A93-93DA-23250923E51B}"
EndProject
Project("{8BC9CEB8-8B4A-11D0-8D11-00A0C91BC942}") = "mainJA", "..\mainJA\mainJA.vcxproj", "{089B8E66-25E5-433A-B1CF-1328CE0CD33E}"
EndProject
Global
	GlobalSection(SolutionConfigurationPlatforms) = preSolution
		Debug|x64 = Debug|x64
		Debug|x86 = Debug|x86
		Release|x64 = Release|x64
		Release|x86 = Release|x86
	EndGlobalSection
	GlobalSection(ProjectConfigurationPlatforms) = postSolution
		{1A92E5B9-2C9B-4BB9-9094-4ADC571CB258}.Debug|x64.ActiveCfg = Debug|x64
		{1A92E5B9-2C9B-4BB9-9094-4ADC571CB258}.Debug|x64.Build.0 = Debug|x64
		{1A92E5B9-2C9B-4BB9-9094-4ADC571CB258}.Debug|x86.ActiveCfg = Debug|Win32
		{1A92E5B9-2C9B-4BB9-9094-4ADC571CB258}.Debug|x86.Build.0 = Debug|Win32
		{1A92E5B9-2C9B-4BB9-9094-4ADC571CB258}.Release|x64.ActiveCfg = Release|x64
		{1A92E5B9-2C9B-4BB9-9094-4ADC571CB258}.Release|x64.Build.0 = Release|x64
		{1A92E5B9-2C9B-4BB9-9094-4ADC571CB258}.Release|x86.ActiveCfg = Release|Win32
		{1A92E5B9-2C9B-4BB9-9094-4ADC571CB258}.Release|x86.Build.0 = Release|Win32
		{0D0C8348-82D3-4A93-93DA-23250923E51B}.Debug|x64.ActiveCfg = Debug|x64
		{0D0C8348-82D3-4A93-93DA-23250923E51B}.Debug|x64.Build.0 = Debug|x64
		{0D0C8348-82D3-4A93-93DA-23250923E51B}.Debug|x86.ActiveCfg = Debug|Win32
		{0D0C8348-82D3-4A93-93DA-23250923E51B}.Debug|x86.Build.0 = Debug|Win32
		{0D0C8348-82D3-4A93-93DA-23250923E51B}.Release|x64.ActiveCfg = Release|x64
		{0D0C8348-82D3-4A93-93DA-23250923E51B}.Release|x64.Build.0 = Release|x64
		{0D0C8348-82D3-4A93-93DA-23250923E51B}.Release|x86.ActiveCfg = Release|Win32
		{0D0C8348-82D3-4A93-93DA-23250923E51B}.Release|x86.Build.0 = Release|Win32
		{089B8E66-25E5-433A-B1CF-1328CE0CD33E}.Debug|x64.ActiveCfg = Debug|x64
		{089B8E66-25E5-433A-B1CF-1328CE0CD33E}.Debug|x64.Build.0 = Debug|x64
		{089B8E66-25E5-433A-B1CF-1328CE0CD33E}.Debug|x86.ActiveCfg = Debug|Win32
		{089B8E66-25E5-433A-B1CF-1328CE0CD33E}.Debug|x86.Build.0 = Debug|Win32
		{089B8E66-25E5-433A-B1CF-1328CE0CD33E}.Release|x64.ActiveCfg = Release|x64
		{089B8E66-25E5-433A-B1CF-1328CE0CD33E}.Release|x64.Build.0 = Release|x64
		{089B8E66-25E5-433A-B1CF-1328CE0CD33E}.Release|x86.ActiveCfg = Release|Win32
		{089B8E66-25E5-433A-B1CF-1328CE0CD33E}.Release|x86.Build.0 = Release|Win32
	EndGlobalSection
	GlobalSection(SolutionProperties) = preSolution
		HideSolutionNode = FALSE
	EndGlobalSection
	GlobalSection(ExtensibilityGlobals) = postSolution
		SolutionGuid = {DABA6B5D-3F4C-4E4F-A021-81EC31CC8B4C}
	EndGlobalSection
EndGlobal
